
Microsoft Visual Studio Solution File, Format Version 12.00
# Visual Studio Version 17
VisualStudioVersion = 17.9.34622.214
MinimumVisualStudioVersion = 10.0.40219.1
Project("{F184B08F-C81C-45F6-A57F-5ABD9991F28F}") = "HikCameraPictureDownload", "HikCameraPictureDownload.vbproj", "{56F54A0B-6190-4F71-AB6A-829FE836AA00}"
EndProject
Global
	GlobalSection(SolutionConfigurationPlatforms) = preSolution
		Debug|Any CPU = Debug|Any CPU
		Release|Any CPU = Release|Any CPU
	EndGlobalSection
	GlobalSection(ProjectConfigurationPlatforms) = postSolution
		{56F54A0B-6190-4F71-AB6A-829FE836AA00}.Debug|Any CPU.ActiveCfg = Debug|Any CPU
		{56F54A0B-6190-4F71-AB6A-829FE836AA00}.Debug|Any CPU.Build.0 = Debug|Any CPU
		{56F54A0B-6190-4F71-AB6A-829FE836AA00}.Release|Any CPU.ActiveCfg = Release|Any CPU
		{56F54A0B-6190-4F71-AB6A-829FE836AA00}.Release|Any CPU.Build.0 = Release|Any CPU
	EndGlobalSection
	GlobalSection(SolutionProperties) = preSolution
		HideSolutionNode = FALSE
	EndGlobalSection
	GlobalSection(ExtensibilityGlobals) = postSolution
		SolutionGuid = {36374CC4-18B5-460D-A81E-AC05CA1FD036}
	EndGlobalSection
EndGlobal
